
Microsoft Visual Studio Solution File, Format Version 12.00
# Visual Studio 15
VisualStudioVersion = 15.0.28307.902
MinimumVisualStudioVersion = 10.0.40219.1
Project("{FAE04EC0-301F-11D3-BF4B-00C04F79EFBC}") = "BoxingSite", "BoxingSite\BoxingSite.csproj", "{9D60D11C-614D-4C56-A2E3-29B032AD6B9F}"
EndProject
Project("{FAE04EC0-301F-11D3-BF4B-00C04F79EFBC}") = "BoxingSite.Tests", "BoxingSite.Tests\BoxingSite.Tests.csproj", "{29247D2E-2CA3-49ED-8A2B-58E26257D556}"
EndProject
Global
	GlobalSection(SolutionConfigurationPlatforms) = preSolution
		Debug|Any CPU = Debug|Any CPU
		Release|Any CPU = Release|Any CPU
	EndGlobalSection
	GlobalSection(ProjectConfigurationPlatforms) = postSolution
		{9D60D11C-614D-4C56-A2E3-29B032AD6B9F}.Debug|Any CPU.ActiveCfg = Debug|Any CPU
		{9D60D11C-614D-4C56-A2E3-29B032AD6B9F}.Debug|Any CPU.Build.0 = Debug|Any CPU
		{9D60D11C-614D-4C56-A2E3-29B032AD6B9F}.Release|Any CPU.ActiveCfg = Release|Any CPU
		{9D60D11C-614D-4C56-A2E3-29B032AD6B9F}.Release|Any CPU.Build.0 = Release|Any CPU
		{29247D2E-2CA3-49ED-8A2B-58E26257D556}.Debug|Any CPU.ActiveCfg = Debug|Any CPU
		{29247D2E-2CA3-49ED-8A2B-58E26257D556}.Debug|Any CPU.Build.0 = Debug|Any CPU
		{29247D2E-2CA3-49ED-8A2B-58E26257D556}.Release|Any CPU.ActiveCfg = Release|Any CPU
		{29247D2E-2CA3-49ED-8A2B-58E26257D556}.Release|Any CPU.Build.0 = Release|Any CPU
	EndGlobalSection
	GlobalSection(SolutionProperties) = preSolution
		HideSolutionNode = FALSE
	EndGlobalSection
	GlobalSection(ExtensibilityGlobals) = postSolution
		SolutionGuid = {E6B3C996-EE19-4930-BC1B-EA741C06C6AE}
	EndGlobalSection
EndGlobal
